
Microsoft Visual Studio Solution File, Format Version 12.00
Project("{FAE04EC0-301F-11D3-BF4B-00C04F79EFBC}") = "SeleniumBasic", "SeleniumBasic\SeleniumBasic.csproj", "{C387B0F5-F654-45AA-B255-0CD7573ABA34}"
EndProject
Global
	GlobalSection(SolutionConfigurationPlatforms) = preSolution
		Debug|Any CPU = Debug|Any CPU
		Release|Any CPU = Release|Any CPU
	EndGlobalSection
	GlobalSection(ProjectConfigurationPlatforms) = postSolution
		{C387B0F5-F654-45AA-B255-0CD7573ABA34}.Debug|Any CPU.ActiveCfg = Debug|Any CPU
		{C387B0F5-F654-45AA-B255-0CD7573ABA34}.Debug|Any CPU.Build.0 = Debug|Any CPU
		{C387B0F5-F654-45AA-B255-0CD7573ABA34}.Release|Any CPU.ActiveCfg = Release|Any CPU
		{C387B0F5-F654-45AA-B255-0CD7573ABA34}.Release|Any CPU.Build.0 = Release|Any CPU
	EndGlobalSection
EndGlobal
