
Microsoft Visual Studio Solution File, Format Version 12.00
Project("{FAE04EC0-301F-11D3-BF4B-00C04F79EFBC}") = "NUnitLearning", "NUnitLearning\NUnitLearning.csproj", "{B18D219A-44B6-4C98-8960-54D059339982}"
EndProject
Global
	GlobalSection(SolutionConfigurationPlatforms) = preSolution
		Debug|Any CPU = Debug|Any CPU
		Release|Any CPU = Release|Any CPU
	EndGlobalSection
	GlobalSection(ProjectConfigurationPlatforms) = postSolution
		{B18D219A-44B6-4C98-8960-54D059339982}.Debug|Any CPU.ActiveCfg = Debug|Any CPU
		{B18D219A-44B6-4C98-8960-54D059339982}.Debug|Any CPU.Build.0 = Debug|Any CPU
		{B18D219A-44B6-4C98-8960-54D059339982}.Release|Any CPU.ActiveCfg = Release|Any CPU
		{B18D219A-44B6-4C98-8960-54D059339982}.Release|Any CPU.Build.0 = Release|Any CPU
	EndGlobalSection
EndGlobal
